
Microsoft Visual Studio Solution File, Format Version 12.00
# Visual Studio 15
VisualStudioVersion = 15.0.28010.2003
MinimumVisualStudioVersion = 10.0.40219.1
Project("{E24C65DC-7377-472B-9ABA-BC803B73C61A}") = "Motorcycle Comparison Site", "Motorcycle Comparison Site\", "{4BF1A587-5674-4E45-A65C-76A58E0262B1}"
	ProjectSection(WebsiteProperties) = preProject
		TargetFrameworkMoniker = ".NETFramework,Version%3Dv4.6.1"
		Debug.AspNetCompiler.VirtualPath = "/localhost_51510"
		Debug.AspNetCompiler.PhysicalPath = "Motorcycle Comparison Site\"
		Debug.AspNetCompiler.TargetPath = "PrecompiledWeb\localhost_51510\"
		Debug.AspNetCompiler.Updateable = "true"
		Debug.AspNetCompiler.ForceOverwrite = "true"
		Debug.AspNetCompiler.FixedNames = "false"
		Debug.AspNetCompiler.Debug = "True"
		Release.AspNetCompiler.VirtualPath = "/localhost_51510"
		Release.AspNetCompiler.PhysicalPath = "Motorcycle Comparison Site\"
		Release.AspNetCompiler.TargetPath = "PrecompiledWeb\localhost_51510\"
		Release.AspNetCompiler.Updateable = "true"
		Release.AspNetCompiler.ForceOverwrite = "true"
		Release.AspNetCompiler.FixedNames = "false"
		Release.AspNetCompiler.Debug = "False"
		VWDPort = "51510"
		SlnRelativePath = "Motorcycle Comparison Site\"
		DefaultWebSiteLanguage = "Visual C#"
	EndProjectSection
EndProject
Global
	GlobalSection(SolutionConfigurationPlatforms) = preSolution
		Debug|Any CPU = Debug|Any CPU
	EndGlobalSection
	GlobalSection(ProjectConfigurationPlatforms) = postSolution
		{4BF1A587-5674-4E45-A65C-76A58E0262B1}.Debug|Any CPU.ActiveCfg = Debug|Any CPU
		{4BF1A587-5674-4E45-A65C-76A58E0262B1}.Debug|Any CPU.Build.0 = Debug|Any CPU
	EndGlobalSection
	GlobalSection(SolutionProperties) = preSolution
		HideSolutionNode = FALSE
	EndGlobalSection
	GlobalSection(ExtensibilityGlobals) = postSolution
		SolutionGuid = {2A463D95-C588-47D7-A9F0-119B447D056D}
	EndGlobalSection
EndGlobal
